{
  "name": "doric",
  "version": "0.1.2",
  "lockfileVersion": 1,
  "requires": true,
  "dependencies": {
    "@types/estree": {
      "version": "0.0.40",
      "resolved": "https://registry.npmjs.org/@types/estree/-/estree-0.0.40.tgz",
      "integrity": "sha512-p3KZgMto/JyxosKGmnLDJ/dG5wf+qTRMUjHJcspC2oQKa4jP7mz+tv0ND56lLBu3ojHlhzY33Ol+khLyNmilkA=="
    },
    "@types/node": {
      "version": "12.12.14",
      "resolved": "https://registry.npmjs.org/@types/node/-/node-12.12.14.tgz",
      "integrity": "sha512-u/SJDyXwuihpwjXy7hOOghagLEV1KdAST6syfnOk6QZAMzZuWZqXy5aYYZbh8Jdpd4escVFP0MvftHNDb9pruA=="
    },
    "@types/resolve": {
      "version": "0.0.8",
      "resolved": "https://registry.npmjs.org/@types/resolve/-/resolve-0.0.8.tgz",
      "integrity": "sha512-auApPaJf3NPfe18hSoJkp8EbZzer2ISk7o8mCC3M9he/a04+gbMF97NkpD2S8riMGvm4BMRI59/SZQSaLTKpsQ==",
      "requires": {
        "@types/node": "*"
      }
    },
    "@types/ws": {
      "version": "6.0.4",
      "resolved": "https://registry.npmjs.org/@types/ws/-/ws-6.0.4.tgz",
      "integrity": "sha512-PpPrX7SZW9re6+Ha8ojZG4Se8AZXgf0GK6zmfqEuCsY49LFDNXO3SByp44X3dFEqtB73lkCDAdUazhAjVPiNwg==",
      "requires": {
        "@types/node": "*"
      }
    },
    "acorn": {
      "version": "7.1.0",
      "resolved": "https://registry.npmjs.org/acorn/-/acorn-7.1.0.tgz",
      "integrity": "sha512-kL5CuoXA/dgxlBbVrflsflzQ3PAas7RYZB52NOm/6839iVYJgKMJ3cQJD+t2i5+qFa8h3MDpEOJiS64E8JLnSQ=="
    },
    "async-limiter": {
      "version": "1.0.1",
      "resolved": "https://registry.npmjs.org/async-limiter/-/async-limiter-1.0.1.tgz",
      "integrity": "sha512-csOlWGAcRFJaI6m+F2WKdnMKr4HhdhFVBk0H/QbJFMCr+uO2kwohwXQPxw/9OCxp05r5ghVBFSyioixx3gfkNQ=="
    },
    "builtin-modules": {
      "version": "3.1.0",
      "resolved": "https://registry.npmjs.org/builtin-modules/-/builtin-modules-3.1.0.tgz",
      "integrity": "sha512-k0KL0aWZuBt2lrxrcASWDfwOLMnodeQjodT/1SxEQAXsHANgo6ZC/VEaSEHCXt7aSTZ4/4H5LKa+tBXmW7Vtvw=="
    },
    "estree-walker": {
      "version": "0.6.1",
      "resolved": "https://registry.npmjs.org/estree-walker/-/estree-walker-0.6.1.tgz",
      "integrity": "sha512-SqmZANLWS0mnatqbSfRP5g8OXZC12Fgg1IwNtLsyHDzJizORW4khDfjPqJZsemPWBB2uqykUah5YpQ6epsqC/w=="
    },
    "is-module": {
      "version": "1.0.0",
      "resolved": "https://registry.npmjs.org/is-module/-/is-module-1.0.0.tgz",
      "integrity": "sha1-Mlj7afeMFNW4FdZkM2tM/7ZEFZE="
    },
    "path-parse": {
      "version": "1.0.6",
      "resolved": "https://registry.npmjs.org/path-parse/-/path-parse-1.0.6.tgz",
      "integrity": "sha512-GSmOT2EbHrINBf9SR7CDELwlJ8AENk3Qn7OikK4nFYAu3Ote2+JYNVvkpAEQm3/TLNEJFD/xZJjzyxg3KBWOzw=="
    },
    "reflect-metadata": {
      "version": "0.1.13",
      "resolved": "https://registry.npmjs.org/reflect-metadata/-/reflect-metadata-0.1.13.tgz",
      "integrity": "sha512-Ts1Y/anZELhSsjMcU605fU9RE4Oi3p5ORujwbIKXfWa+0Zxs510Qrmrce5/Jowq3cHSZSJqBjypxmHarc+vEWg=="
    },
    "resolve": {
      "version": "1.13.1",
      "resolved": "https://registry.npmjs.org/resolve/-/resolve-1.13.1.tgz",
      "integrity": "sha512-CxqObCX8K8YtAhOBRg+lrcdn+LK+WYOS8tSjqSFbjtrI5PnS63QPhZl4+yKfrU9tdsbMu9Anr/amegT87M9Z6w==",
      "requires": {
        "path-parse": "^1.0.6"
      }
    },
    "rollup": {
      "version": "1.27.8",
      "resolved": "https://registry.npmjs.org/rollup/-/rollup-1.27.8.tgz",
      "integrity": "sha512-EVoEV5rAWl+5clnGznt1KY8PeVkzVQh/R0d2s3gHEkN7gfoyC4JmvIVuCtPbYE8NM5Ep/g+nAmvKXBjzaqTsHA==",
      "requires": {
        "@types/estree": "*",
        "@types/node": "*",
        "acorn": "^7.1.0"
      }
    },
    "rollup-plugin-node-resolve": {
      "version": "5.2.0",
      "resolved": "https://registry.npmjs.org/rollup-plugin-node-resolve/-/rollup-plugin-node-resolve-5.2.0.tgz",
      "integrity": "sha512-jUlyaDXts7TW2CqQ4GaO5VJ4PwwaV8VUGA7+km3n6k6xtOEacf61u0VXwN80phY/evMcaS+9eIeJ9MOyDxt5Zw==",
      "requires": {
        "@types/resolve": "0.0.8",
        "builtin-modules": "^3.1.0",
        "is-module": "^1.0.0",
        "resolve": "^1.11.1",
        "rollup-pluginutils": "^2.8.1"
      }
    },
    "rollup-pluginutils": {
      "version": "2.8.2",
      "resolved": "https://registry.npmjs.org/rollup-pluginutils/-/rollup-pluginutils-2.8.2.tgz",
      "integrity": "sha512-EEp9NhnUkwY8aif6bxgovPHMoMoNr2FulJziTndpt5H9RdwC47GSGuII9XxpSdzVGM0GWrNPHV6ie1LTNJPaLQ==",
      "requires": {
        "estree-walker": "^0.6.1"
      }
    },
    "tslib": {
      "version": "1.10.0",
      "resolved": "https://registry.npmjs.org/tslib/-/tslib-1.10.0.tgz",
      "integrity": "sha512-qOebF53frne81cf0S9B41ByenJ3/IuH8yJKngAX35CmiZySA0khhkovshKK+jGCaMnVomla7gVlIcc3EvKPbTQ=="
    },
    "typescript": {
      "version": "3.7.3",
      "resolved": "https://registry.npmjs.org/typescript/-/typescript-3.7.3.tgz",
      "integrity": "sha512-Mcr/Qk7hXqFBXMN7p7Lusj1ktCBydylfQM/FZCk5glCNQJrCUKPkMHdo9R0MTFWsC/4kPFvDS0fDPvukfCkFsw=="
    },
    "ws": {
      "version": "7.2.0",
      "resolved": "https://registry.npmjs.org/ws/-/ws-7.2.0.tgz",
      "integrity": "sha512-+SqNqFbwTm/0DC18KYzIsMTnEWpLwJsiasW/O17la4iDRRIO9uaHbvKiAS3AHgTiuuWerK/brj4O6MYZkei9xg==",
      "requires": {
        "async-limiter": "^1.0.0"
      }
    }
  }
}
