// !$*UTF8*$!
{
	archiveVersion = 1;
	classes = {
	};
	objectVersion = 51;
	objects = {

/* Begin PBXBuildFile section */
		8B429D94241B66A300572570 /* iconfont.ttf in Resources */ = {isa = PBXBuildFile; fileRef = 8B429D93241B66A200572570 /* iconfont.ttf */; };
		8BCADA7C23CD5B65005EEF96 /* NavigationController.m in Sources */ = {isa = PBXBuildFile; fileRef = 8BCADA7B23CD5B64005EEF96 /* NavigationController.m */; };
		A1E221FB2DCA40D85C4D9520 /* libPods-ExampleTests.a in Frameworks */ = {isa = PBXBuildFile; fileRef = 4F233ACD236542275AED3DE0 /* libPods-ExampleTests.a */; };
		CC537F4B9F59400BA5B4FF8F /* libPods-Example.a in Frameworks */ = {isa = PBXBuildFile; fileRef = DEE8411A69609CC9C86063CC /* libPods-Example.a */; };
		D751D4B065D8D4FA6594B5EE /* DemoVC.m in Sources */ = {isa = PBXBuildFile; fileRef = D751D19E97EF4EDD7588FEBE /* DemoVC.m */; };
		D751DDB012BAF476A252CD93 /* DemoLibrary.m in Sources */ = {isa = PBXBuildFile; fileRef = D751D2175D09F2C10691FB81 /* DemoLibrary.m */; };
		E2334AF022E9D2060098A085 /* AppDelegate.m in Sources */ = {isa = PBXBuildFile; fileRef = E2334AEF22E9D2060098A085 /* AppDelegate.m */; };
		E2334AF322E9D2060098A085 /* ViewController.m in Sources */ = {isa = PBXBuildFile; fileRef = E2334AF222E9D2060098A085 /* ViewController.m */; };
		E2334AF622E9D2060098A085 /* Main.storyboard in Resources */ = {isa = PBXBuildFile; fileRef = E2334AF422E9D2060098A085 /* Main.storyboard */; };
		E2334AF822E9D2070098A085 /* Assets.xcassets in Resources */ = {isa = PBXBuildFile; fileRef = E2334AF722E9D2070098A085 /* Assets.xcassets */; };
		E2334AFB22E9D2070098A085 /* LaunchScreen.storyboard in Resources */ = {isa = PBXBuildFile; fileRef = E2334AF922E9D2070098A085 /* LaunchScreen.storyboard */; };
		E2334AFE22E9D2070098A085 /* main.m in Sources */ = {isa = PBXBuildFile; fileRef = E2334AFD22E9D2070098A085 /* main.m */; };
		E2334B0822E9D2070098A085 /* ExampleTests.m in Sources */ = {isa = PBXBuildFile; fileRef = E2334B0722E9D2070098A085 /* ExampleTests.m */; };
		E2334B1322E9D2070098A085 /* ExampleUITests.m in Sources */ = {isa = PBXBuildFile; fileRef = E2334B1222E9D2070098A085 /* ExampleUITests.m */; };
		E2C9315923B0A263007933D9 /* src in Resources */ = {isa = PBXBuildFile; fileRef = E2C9315823B0A263007933D9 /* src */; };
		ED1C348399AB9D786E6D0FD4 /* libPods-ExampleUITests.a in Frameworks */ = {isa = PBXBuildFile; fileRef = E7A7F41AFE5065A452873298 /* libPods-ExampleUITests.a */; };
/* End PBXBuildFile section */

/* Begin PBXContainerItemProxy section */
		E2334B0422E9D2070098A085 /* PBXContainerItemProxy */ = {
			isa = PBXContainerItemProxy;
			containerPortal = E2334AE322E9D2060098A085 /* Project object */;
			proxyType = 1;
			remoteGlobalIDString = E2334AEA22E9D2060098A085;
			remoteInfo = Example;
		};
		E2334B0F22E9D2070098A085 /* PBXContainerItemProxy */ = {
			isa = PBXContainerItemProxy;
			containerPortal = E2334AE322E9D2060098A085 /* Project object */;
			proxyType = 1;
			remoteGlobalIDString = E2334AEA22E9D2060098A085;
			remoteInfo = Example;
		};
/* End PBXContainerItemProxy section */

/* Begin PBXFileReference section */
		016E930415B91D826F9FFF47 /* Pods-ExampleUITests.debug.xcconfig */ = {isa = PBXFileReference; includeInIndex = 1; lastKnownFileType = text.xcconfig; name = "Pods-ExampleUITests.debug.xcconfig"; path = "Pods/Target Support Files/Pods-ExampleUITests/Pods-ExampleUITests.debug.xcconfig"; sourceTree = "<group>"; };
		3D75F592D76A665674B31A66 /* Pods-Example.release.xcconfig */ = {isa = PBXFileReference; includeInIndex = 1; lastKnownFileType = text.xcconfig; name = "Pods-Example.release.xcconfig"; path = "Pods/Target Support Files/Pods-Example/Pods-Example.release.xcconfig"; sourceTree = "<group>"; };
		4F233ACD236542275AED3DE0 /* libPods-ExampleTests.a */ = {isa = PBXFileReference; explicitFileType = archive.ar; includeInIndex = 0; path = "libPods-ExampleTests.a"; sourceTree = BUILT_PRODUCTS_DIR; };
		8231E841CCAF382F85C9F576 /* Pods-Example.debug.xcconfig */ = {isa = PBXFileReference; includeInIndex = 1; lastKnownFileType = text.xcconfig; name = "Pods-Example.debug.xcconfig"; path = "Pods/Target Support Files/Pods-Example/Pods-Example.debug.xcconfig"; sourceTree = "<group>"; };
		8B429D93241B66A200572570 /* iconfont.ttf */ = {isa = PBXFileReference; lastKnownFileType = file; name = iconfont.ttf; path = "../../../doric-demo/bundle/iconfont.ttf"; sourceTree = "<group>"; };
		8BCADA7A23CD5B5F005EEF96 /* NavigationController.h */ = {isa = PBXFileReference; lastKnownFileType = sourcecode.c.h; path = NavigationController.h; sourceTree = "<group>"; };
		8BCADA7B23CD5B64005EEF96 /* NavigationController.m */ = {isa = PBXFileReference; fileEncoding = 4; lastKnownFileType = sourcecode.c.objc; path = NavigationController.m; sourceTree = "<group>"; };
		B93423722F2E06DC238CDD18 /* Pods-ExampleUITests.release.xcconfig */ = {isa = PBXFileReference; includeInIndex = 1; lastKnownFileType = text.xcconfig; name = "Pods-ExampleUITests.release.xcconfig"; path = "Pods/Target Support Files/Pods-ExampleUITests/Pods-ExampleUITests.release.xcconfig"; sourceTree = "<group>"; };
		B93D4DB00FD244178B7CE7C4 /* Pods-ExampleTests.release.xcconfig */ = {isa = PBXFileReference; includeInIndex = 1; lastKnownFileType = text.xcconfig; name = "Pods-ExampleTests.release.xcconfig"; path = "Pods/Target Support Files/Pods-ExampleTests/Pods-ExampleTests.release.xcconfig"; sourceTree = "<group>"; };
		D751D19E97EF4EDD7588FEBE /* DemoVC.m */ = {isa = PBXFileReference; fileEncoding = 4; lastKnownFileType = sourcecode.c.objc; path = DemoVC.m; sourceTree = "<group>"; };
		D751D2175D09F2C10691FB81 /* DemoLibrary.m */ = {isa = PBXFileReference; fileEncoding = 4; lastKnownFileType = sourcecode.c.objc; path = DemoLibrary.m; sourceTree = "<group>"; };
		D751DB0CB3009E12990F661E /* DemoLibrary.h */ = {isa = PBXFileReference; fileEncoding = 4; lastKnownFileType = sourcecode.c.h; path = DemoLibrary.h; sourceTree = "<group>"; };
		D751DDEC114E037231257E64 /* DemoVC.h */ = {isa = PBXFileReference; fileEncoding = 4; lastKnownFileType = sourcecode.c.h; path = DemoVC.h; sourceTree = "<group>"; };
		D91241144B5A3356A3C60644 /* Pods-ExampleTests.debug.xcconfig */ = {isa = PBXFileReference; includeInIndex = 1; lastKnownFileType = text.xcconfig; name = "Pods-ExampleTests.debug.xcconfig"; path = "Pods/Target Support Files/Pods-ExampleTests/Pods-ExampleTests.debug.xcconfig"; sourceTree = "<group>"; };
		DEE8411A69609CC9C86063CC /* libPods-Example.a */ = {isa = PBXFileReference; explicitFileType = archive.ar; includeInIndex = 0; path = "libPods-Example.a"; sourceTree = BUILT_PRODUCTS_DIR; };
		E2334AEB22E9D2060098A085 /* Doric Playground.app */ = {isa = PBXFileReference; explicitFileType = wrapper.application; includeInIndex = 0; path = "Doric Playground.app"; sourceTree = BUILT_PRODUCTS_DIR; };
		E2334AEE22E9D2060098A085 /* AppDelegate.h */ = {isa = PBXFileReference; lastKnownFileType = sourcecode.c.h; path = AppDelegate.h; sourceTree = "<group>"; };
		E2334AEF22E9D2060098A085 /* AppDelegate.m */ = {isa = PBXFileReference; lastKnownFileType = sourcecode.c.objc; path = AppDelegate.m; sourceTree = "<group>"; };
		E2334AF122E9D2060098A085 /* ViewController.h */ = {isa = PBXFileReference; lastKnownFileType = sourcecode.c.h; path = ViewController.h; sourceTree = "<group>"; };
		E2334AF222E9D2060098A085 /* ViewController.m */ = {isa = PBXFileReference; lastKnownFileType = sourcecode.c.objc; path = ViewController.m; sourceTree = "<group>"; };
		E2334AF522E9D2060098A085 /* Base */ = {isa = PBXFileReference; lastKnownFileType = file.storyboard; name = Base; path = Base.lproj/Main.storyboard; sourceTree = "<group>"; };
		E2334AF722E9D2070098A085 /* Assets.xcassets */ = {isa = PBXFileReference; lastKnownFileType = folder.assetcatalog; path = Assets.xcassets; sourceTree = "<group>"; };
		E2334AFA22E9D2070098A085 /* Base */ = {isa = PBXFileReference; lastKnownFileType = file.storyboard; name = Base; path = Base.lproj/LaunchScreen.storyboard; sourceTree = "<group>"; };
		E2334AFC22E9D2070098A085 /* Info.plist */ = {isa = PBXFileReference; lastKnownFileType = text.plist.xml; path = Info.plist; sourceTree = "<group>"; };
		E2334AFD22E9D2070098A085 /* main.m */ = {isa = PBXFileReference; lastKnownFileType = sourcecode.c.objc; path = main.m; sourceTree = "<group>"; };
		E2334B0322E9D2070098A085 /* ExampleTests.xctest */ = {isa = PBXFileReference; explicitFileType = wrapper.cfbundle; includeInIndex = 0; path = ExampleTests.xctest; sourceTree = BUILT_PRODUCTS_DIR; };
		E2334B0722E9D2070098A085 /* ExampleTests.m */ = {isa = PBXFileReference; lastKnownFileType = sourcecode.c.objc; path = ExampleTests.m; sourceTree = "<group>"; };
		E2334B0922E9D2070098A085 /* Info.plist */ = {isa = PBXFileReference; lastKnownFileType = text.plist.xml; path = Info.plist; sourceTree = "<group>"; };
		E2334B0E22E9D2070098A085 /* ExampleUITests.xctest */ = {isa = PBXFileReference; explicitFileType = wrapper.cfbundle; includeInIndex = 0; path = ExampleUITests.xctest; sourceTree = BUILT_PRODUCTS_DIR; };
		E2334B1222E9D2070098A085 /* ExampleUITests.m */ = {isa = PBXFileReference; lastKnownFileType = sourcecode.c.objc; path = ExampleUITests.m; sourceTree = "<group>"; };
		E2334B1422E9D2070098A085 /* Info.plist */ = {isa = PBXFileReference; lastKnownFileType = text.plist.xml; path = Info.plist; sourceTree = "<group>"; };
		E2C9315823B0A263007933D9 /* src */ = {isa = PBXFileReference; lastKnownFileType = folder; name = src; path = "../../../doric-demo/bundle/src"; sourceTree = "<group>"; };
		E7A7F41AFE5065A452873298 /* libPods-ExampleUITests.a */ = {isa = PBXFileReference; explicitFileType = archive.ar; includeInIndex = 0; path = "libPods-ExampleUITests.a"; sourceTree = BUILT_PRODUCTS_DIR; };
/* End PBXFileReference section */

/* Begin PBXFrameworksBuildPhase section */
		E2334AE822E9D2060098A085 /* Frameworks */ = {
			isa = PBXFrameworksBuildPhase;
			buildActionMask = 2147483647;
			files = (
				CC537F4B9F59400BA5B4FF8F /* libPods-Example.a in Frameworks */,
			);
			runOnlyForDeploymentPostprocessing = 0;
		};
		E2334B0022E9D2070098A085 /* Frameworks */ = {
			isa = PBXFrameworksBuildPhase;
			buildActionMask = 2147483647;
			files = (
				A1E221FB2DCA40D85C4D9520 /* libPods-ExampleTests.a in Frameworks */,
			);
			runOnlyForDeploymentPostprocessing = 0;
		};
		E2334B0B22E9D2070098A085 /* Frameworks */ = {
			isa = PBXFrameworksBuildPhase;
			buildActionMask = 2147483647;
			files = (
				ED1C348399AB9D786E6D0FD4 /* libPods-ExampleUITests.a in Frameworks */,
			);
			runOnlyForDeploymentPostprocessing = 0;
		};
/* End PBXFrameworksBuildPhase section */

/* Begin PBXGroup section */
		6CBE6FA5F47A90E57AB456B2 /* Pods */ = {
			isa = PBXGroup;
			children = (
				8231E841CCAF382F85C9F576 /* Pods-Example.debug.xcconfig */,
				3D75F592D76A665674B31A66 /* Pods-Example.release.xcconfig */,
				D91241144B5A3356A3C60644 /* Pods-ExampleTests.debug.xcconfig */,
				B93D4DB00FD244178B7CE7C4 /* Pods-ExampleTests.release.xcconfig */,
				016E930415B91D826F9FFF47 /* Pods-ExampleUITests.debug.xcconfig */,
				B93423722F2E06DC238CDD18 /* Pods-ExampleUITests.release.xcconfig */,
			);
			name = Pods;
			sourceTree = "<group>";
		};
		D80A9B07B39AD04027CAE17B /* Frameworks */ = {
			isa = PBXGroup;
			children = (
				DEE8411A69609CC9C86063CC /* libPods-Example.a */,
				4F233ACD236542275AED3DE0 /* libPods-ExampleTests.a */,
				E7A7F41AFE5065A452873298 /* libPods-ExampleUITests.a */,
			);
			name = Frameworks;
			sourceTree = "<group>";
		};
		E2334AE222E9D2060098A085 = {
			isa = PBXGroup;
			children = (
				E2334AED22E9D2060098A085 /* Example */,
				E2334B0622E9D2070098A085 /* ExampleTests */,
				E2334B1122E9D2070098A085 /* ExampleUITests */,
				E2334AEC22E9D2060098A085 /* Products */,
				6CBE6FA5F47A90E57AB456B2 /* Pods */,
				D80A9B07B39AD04027CAE17B /* Frameworks */,
			);
			sourceTree = "<group>";
		};
		E2334AEC22E9D2060098A085 /* Products */ = {
			isa = PBXGroup;
			children = (
				E2334AEB22E9D2060098A085 /* Doric Playground.app */,
				E2334B0322E9D2070098A085 /* ExampleTests.xctest */,
				E2334B0E22E9D2070098A085 /* ExampleUITests.xctest */,
			);
			name = Products;
			sourceTree = "<group>";
		};
		E2334AED22E9D2060098A085 /* Example */ = {
			isa = PBXGroup;
			children = (
				8B429D93241B66A200572570 /* iconfont.ttf */,
				E2C9315823B0A263007933D9 /* src */,
				E2334AEE22E9D2060098A085 /* AppDelegate.h */,
				E2334AEF22E9D2060098A085 /* AppDelegate.m */,
				E2334AF122E9D2060098A085 /* ViewController.h */,
				E2334AF222E9D2060098A085 /* ViewController.m */,
				8BCADA7A23CD5B5F005EEF96 /* NavigationController.h */,
				8BCADA7B23CD5B64005EEF96 /* NavigationController.m */,
				E2334AF422E9D2060098A085 /* Main.storyboard */,
				E2334AF722E9D2070098A085 /* Assets.xcassets */,
				E2334AFC22E9D2070098A085 /* Info.plist */,
				E2334AF922E9D2070098A085 /* LaunchScreen.storyboard */,
				E2334AFD22E9D2070098A085 /* main.m */,
				D751D19E97EF4EDD7588FEBE /* DemoVC.m */,
				D751DDEC114E037231257E64 /* DemoVC.h */,
				D751D2175D09F2C10691FB81 /* DemoLibrary.m */,
				D751DB0CB3009E12990F661E /* DemoLibrary.h */,
			);
			path = Example;
			sourceTree = "<group>";
		};
		E2334B0622E9D2070098A085 /* ExampleTests */ = {
			isa = PBXGroup;
			children = (
				E2334B0722E9D2070098A085 /* ExampleTests.m */,
				E2334B0922E9D2070098A085 /* Info.plist */,
			);
			path = ExampleTests;
			sourceTree = "<group>";
		};
		E2334B1122E9D2070098A085 /* ExampleUITests */ = {
			isa = PBXGroup;
			children = (
				E2334B1222E9D2070098A085 /* ExampleUITests.m */,
				E2334B1422E9D2070098A085 /* Info.plist */,
			);
			path = ExampleUITests;
			sourceTree = "<group>";
		};
/* End PBXGroup section */

/* Begin PBXNativeTarget section */
		E2334AEA22E9D2060098A085 /* Example */ = {
			isa = PBXNativeTarget;
			buildConfigurationList = E2334B1722E9D2070098A085 /* Build configuration list for PBXNativeTarget "Example" */;
			buildPhases = (
				BE34CD8291B20D26F2ADE3E1 /* [CP] Check Pods Manifest.lock */,
				E24A030C22EED0D500AB4631 /* Package JS Bundle */,
				E2334AE722E9D2060098A085 /* Sources */,
				E2334AE822E9D2060098A085 /* Frameworks */,
				E2334AE922E9D2060098A085 /* Resources */,
				EEF1C3B3FE5FE92E603C3B08 /* [CP] Copy Pods Resources */,
			);
			buildRules = (
			);
			dependencies = (
			);
			name = Example;
			productName = Example;
			productReference = E2334AEB22E9D2060098A085 /* Doric Playground.app */;
			productType = "com.apple.product-type.application";
		};
		E2334B0222E9D2070098A085 /* ExampleTests */ = {
			isa = PBXNativeTarget;
			buildConfigurationList = E2334B1A22E9D2070098A085 /* Build configuration list for PBXNativeTarget "ExampleTests" */;
			buildPhases = (
				48D050F720D3A879060292A8 /* [CP] Check Pods Manifest.lock */,
				E2334AFF22E9D2070098A085 /* Sources */,
				E2334B0022E9D2070098A085 /* Frameworks */,
				E2334B0122E9D2070098A085 /* Resources */,
			);
			buildRules = (
			);
			dependencies = (
				E2334B0522E9D2070098A085 /* PBXTargetDependency */,
			);
			name = ExampleTests;
			productName = ExampleTests;
			productReference = E2334B0322E9D2070098A085 /* ExampleTests.xctest */;
			productType = "com.apple.product-type.bundle.unit-test";
		};
		E2334B0D22E9D2070098A085 /* ExampleUITests */ = {
			isa = PBXNativeTarget;
			buildConfigurationList = E2334B1D22E9D2070098A085 /* Build configuration list for PBXNativeTarget "ExampleUITests" */;
			buildPhases = (
				074533B9C1C5204E8750B07B /* [CP] Check Pods Manifest.lock */,
				E2334B0A22E9D2070098A085 /* Sources */,
				E2334B0B22E9D2070098A085 /* Frameworks */,
				E2334B0C22E9D2070098A085 /* Resources */,
			);
			buildRules = (
			);
			dependencies = (
				E2334B1022E9D2070098A085 /* PBXTargetDependency */,
			);
			name = ExampleUITests;
			productName = ExampleUITests;
			productReference = E2334B0E22E9D2070098A085 /* ExampleUITests.xctest */;
			productType = "com.apple.product-type.bundle.ui-testing";
		};
/* End PBXNativeTarget section */

/* Begin PBXProject section */
		E2334AE322E9D2060098A085 /* Project object */ = {
			isa = PBXProject;
			attributes = {
				LastUpgradeCheck = 1030;
				ORGANIZATIONNAME = pengfei.zhou;
				TargetAttributes = {
					E2334AEA22E9D2060098A085 = {
						CreatedOnToolsVersion = 10.3;
						LastSwiftMigration = 1140;
					};
					E2334B0222E9D2070098A085 = {
						CreatedOnToolsVersion = 10.3;
						TestTargetID = E2334AEA22E9D2060098A085;
					};
					E2334B0D22E9D2070098A085 = {
						CreatedOnToolsVersion = 10.3;
						TestTargetID = E2334AEA22E9D2060098A085;
					};
				};
			};
			buildConfigurationList = E2334AE622E9D2060098A085 /* Build configuration list for PBXProject "Example" */;
			compatibilityVersion = "Xcode 9.3";
			developmentRegion = en;
			hasScannedForEncodings = 0;
			knownRegions = (
				en,
				Base,
			);
			mainGroup = E2334AE222E9D2060098A085;
			productRefGroup = E2334AEC22E9D2060098A085 /* Products */;
			projectDirPath = "";
			projectRoot = "";
			targets = (
				E2334AEA22E9D2060098A085 /* Example */,
				E2334B0222E9D2070098A085 /* ExampleTests */,
				E2334B0D22E9D2070098A085 /* ExampleUITests */,
			);
		};
/* End PBXProject section */

/* Begin PBXResourcesBuildPhase section */
		E2334AE922E9D2060098A085 /* Resources */ = {
			isa = PBXResourcesBuildPhase;
			buildActionMask = 2147483647;
			files = (
				E2334AFB22E9D2070098A085 /* LaunchScreen.storyboard in Resources */,
				E2334AF822E9D2070098A085 /* Assets.xcassets in Resources */,
				E2334AF622E9D2060098A085 /* Main.storyboard in Resources */,
				8B429D94241B66A300572570 /* iconfont.ttf in Resources */,
				E2C9315923B0A263007933D9 /* src in Resources */,
			);
			runOnlyForDeploymentPostprocessing = 0;
		};
		E2334B0122E9D2070098A085 /* Resources */ = {
			isa = PBXResourcesBuildPhase;
			buildActionMask = 2147483647;
			files = (
			);
			runOnlyForDeploymentPostprocessing = 0;
		};
		E2334B0C22E9D2070098A085 /* Resources */ = {
			isa = PBXResourcesBuildPhase;
			buildActionMask = 2147483647;
			files = (
			);
			runOnlyForDeploymentPostprocessing = 0;
		};
/* End PBXResourcesBuildPhase section */

/* Begin PBXShellScriptBuildPhase section */
		074533B9C1C5204E8750B07B /* [CP] Check Pods Manifest.lock */ = {
			isa = PBXShellScriptBuildPhase;
			buildActionMask = 2147483647;
			files = (
			);
			inputFileListPaths = (
			);
			inputPaths = (
				"${PODS_PODFILE_DIR_PATH}/Podfile.lock",
				"${PODS_ROOT}/Manifest.lock",
			);
			name = "[CP] Check Pods Manifest.lock";
			outputFileListPaths = (
			);
			outputPaths = (
				"$(DERIVED_FILE_DIR)/Pods-ExampleUITests-checkManifestLockResult.txt",
			);
			runOnlyForDeploymentPostprocessing = 0;
			shellPath = /bin/sh;
			shellScript = "diff \"${PODS_PODFILE_DIR_PATH}/Podfile.lock\" \"${PODS_ROOT}/Manifest.lock\" > /dev/null\nif [ $? != 0 ] ; then\n    # print error to STDERR\n    echo \"error: The sandbox is not in sync with the Podfile.lock. Run 'pod install' or update your CocoaPods installation.\" >&2\n    exit 1\nfi\n# This output is used by Xcode 'outputs' to avoid re-running this script phase.\necho \"SUCCESS\" > \"${SCRIPT_OUTPUT_FILE_0}\"\n";
			showEnvVarsInLog = 0;
		};
		48D050F720D3A879060292A8 /* [CP] Check Pods Manifest.lock */ = {
			isa = PBXShellScriptBuildPhase;
			buildActionMask = 2147483647;
			files = (
			);
			inputFileListPaths = (
			);
			inputPaths = (
				"${PODS_PODFILE_DIR_PATH}/Podfile.lock",
				"${PODS_ROOT}/Manifest.lock",
			);
			name = "[CP] Check Pods Manifest.lock";
			outputFileListPaths = (
			);
			outputPaths = (
				"$(DERIVED_FILE_DIR)/Pods-ExampleTests-checkManifestLockResult.txt",
			);
			runOnlyForDeploymentPostprocessing = 0;
			shellPath = /bin/sh;
			shellScript = "diff \"${PODS_PODFILE_DIR_PATH}/Podfile.lock\" \"${PODS_ROOT}/Manifest.lock\" > /dev/null\nif [ $? != 0 ] ; then\n    # print error to STDERR\n    echo \"error: The sandbox is not in sync with the Podfile.lock. Run 'pod install' or update your CocoaPods installation.\" >&2\n    exit 1\nfi\n# This output is used by Xcode 'outputs' to avoid re-running this script phase.\necho \"SUCCESS\" > \"${SCRIPT_OUTPUT_FILE_0}\"\n";
			showEnvVarsInLog = 0;
		};
		BE34CD8291B20D26F2ADE3E1 /* [CP] Check Pods Manifest.lock */ = {
			isa = PBXShellScriptBuildPhase;
			buildActionMask = 2147483647;
			files = (
			);
			inputFileListPaths = (
			);
			inputPaths = (
				"${PODS_PODFILE_DIR_PATH}/Podfile.lock",
				"${PODS_ROOT}/Manifest.lock",
			);
			name = "[CP] Check Pods Manifest.lock";
			outputFileListPaths = (
			);
			outputPaths = (
				"$(DERIVED_FILE_DIR)/Pods-Example-checkManifestLockResult.txt",
			);
			runOnlyForDeploymentPostprocessing = 0;
			shellPath = /bin/sh;
			shellScript = "diff \"${PODS_PODFILE_DIR_PATH}/Podfile.lock\" \"${PODS_ROOT}/Manifest.lock\" > /dev/null\nif [ $? != 0 ] ; then\n    # print error to STDERR\n    echo \"error: The sandbox is not in sync with the Podfile.lock. Run 'pod install' or update your CocoaPods installation.\" >&2\n    exit 1\nfi\n# This output is used by Xcode 'outputs' to avoid re-running this script phase.\necho \"SUCCESS\" > \"${SCRIPT_OUTPUT_FILE_0}\"\n";
			showEnvVarsInLog = 0;
		};
		E24A030C22EED0D500AB4631 /* Package JS Bundle */ = {
			isa = PBXShellScriptBuildPhase;
			buildActionMask = 2147483647;
			files = (
			);
			inputFileListPaths = (
			);
			inputPaths = (
			);
			name = "Package JS Bundle";
			outputFileListPaths = (
			);
			outputPaths = (
			);
			runOnlyForDeploymentPostprocessing = 0;
			shellPath = /bin/sh;
			shellScript = "# Type a script or drag a script file from your workspace to insert its path.\n\nexport NVM_DIR=\"$HOME/.nvm\"\n[ -s \"$NVM_DIR/nvm.sh\" ] && \\. \"$NVM_DIR/nvm.sh\"  # This loads nvm\n[ -s \"$NVM_DIR/bash_completion\" ] && \\. \"$NVM_DIR/bash_completion\"  # This loads nvm bash_completion\n\nsh ../../bundle.sh\n";
		};
		EEF1C3B3FE5FE92E603C3B08 /* [CP] Copy Pods Resources */ = {
			isa = PBXShellScriptBuildPhase;
			buildActionMask = 2147483647;
			files = (
			);
			inputFileListPaths = (
				"${PODS_ROOT}/Target Support Files/Pods-Example/Pods-Example-resources-${CONFIGURATION}-input-files.xcfilelist",
			);
			name = "[CP] Copy Pods Resources";
			outputFileListPaths = (
				"${PODS_ROOT}/Target Support Files/Pods-Example/Pods-Example-resources-${CONFIGURATION}-output-files.xcfilelist",
			);
			runOnlyForDeploymentPostprocessing = 0;
			shellPath = /bin/sh;
			shellScript = "\"${PODS_ROOT}/Target Support Files/Pods-Example/Pods-Example-resources.sh\"\n";
			showEnvVarsInLog = 0;
		};
/* End PBXShellScriptBuildPhase section */

/* Begin PBXSourcesBuildPhase section */
		E2334AE722E9D2060098A085 /* Sources */ = {
			isa = PBXSourcesBuildPhase;
			buildActionMask = 2147483647;
			files = (
				E2334AF322E9D2060098A085 /* ViewController.m in Sources */,
				E2334AFE22E9D2070098A085 /* main.m in Sources */,
				E2334AF022E9D2060098A085 /* AppDelegate.m in Sources */,
				D751D4B065D8D4FA6594B5EE /* DemoVC.m in Sources */,
				D751DDB012BAF476A252CD93 /* DemoLibrary.m in Sources */,
				8BCADA7C23CD5B65005EEF96 /* NavigationController.m in Sources */,
			);
			runOnlyForDeploymentPostprocessing = 0;
		};
		E2334AFF22E9D2070098A085 /* Sources */ = {
			isa = PBXSourcesBuildPhase;
			buildActionMask = 2147483647;
			files = (
				E2334B0822E9D2070098A085 /* ExampleTests.m in Sources */,
			);
			runOnlyForDeploymentPostprocessing = 0;
		};
		E2334B0A22E9D2070098A085 /* Sources */ = {
			isa = PBXSourcesBuildPhase;
			buildActionMask = 2147483647;
			files = (
				E2334B1322E9D2070098A085 /* ExampleUITests.m in Sources */,
			);
			runOnlyForDeploymentPostprocessing = 0;
		};
/* End PBXSourcesBuildPhase section */

/* Begin PBXTargetDependency section */
		E2334B0522E9D2070098A085 /* PBXTargetDependency */ = {
			isa = PBXTargetDependency;
			target = E2334AEA22E9D2060098A085 /* Example */;
			targetProxy = E2334B0422E9D2070098A085 /* PBXContainerItemProxy */;
		};
		E2334B1022E9D2070098A085 /* PBXTargetDependency */ = {
			isa = PBXTargetDependency;
			target = E2334AEA22E9D2060098A085 /* Example */;
			targetProxy = E2334B0F22E9D2070098A085 /* PBXContainerItemProxy */;
		};
/* End PBXTargetDependency section */

/* Begin PBXVariantGroup section */
		E2334AF422E9D2060098A085 /* Main.storyboard */ = {
			isa = PBXVariantGroup;
			children = (
				E2334AF522E9D2060098A085 /* Base */,
			);
			name = Main.storyboard;
			sourceTree = "<group>";
		};
		E2334AF922E9D2070098A085 /* LaunchScreen.storyboard */ = {
			isa = PBXVariantGroup;
			children = (
				E2334AFA22E9D2070098A085 /* Base */,
			);
			name = LaunchScreen.storyboard;
			sourceTree = "<group>";
		};
/* End PBXVariantGroup section */

/* Begin XCBuildConfiguration section */
		E2334B1522E9D2070098A085 /* Debug */ = {
			isa = XCBuildConfiguration;
			buildSettings = {
				ALWAYS_SEARCH_USER_PATHS = NO;
				CLANG_ANALYZER_NONNULL = YES;
				CLANG_ANALYZER_NUMBER_OBJECT_CONVERSION = YES_AGGRESSIVE;
				CLANG_CXX_LANGUAGE_STANDARD = "gnu++14";
				CLANG_CXX_LIBRARY = "libc++";
				CLANG_ENABLE_MODULES = YES;
				CLANG_ENABLE_OBJC_ARC = YES;
				CLANG_ENABLE_OBJC_WEAK = YES;
				CLANG_WARN_BLOCK_CAPTURE_AUTORELEASING = YES;
				CLANG_WARN_BOOL_CONVERSION = YES;
				CLANG_WARN_COMMA = YES;
				CLANG_WARN_CONSTANT_CONVERSION = YES;
				CLANG_WARN_DEPRECATED_OBJC_IMPLEMENTATIONS = YES;
				CLANG_WARN_DIRECT_OBJC_ISA_USAGE = YES_ERROR;
				CLANG_WARN_DOCUMENTATION_COMMENTS = YES;
				CLANG_WARN_EMPTY_BODY = YES;
				CLANG_WARN_ENUM_CONVERSION = YES;
				CLANG_WARN_INFINITE_RECURSION = YES;
				CLANG_WARN_INT_CONVERSION = YES;
				CLANG_WARN_NON_LITERAL_NULL_CONVERSION = YES;
				CLANG_WARN_OBJC_IMPLICIT_RETAIN_SELF = YES;
				CLANG_WARN_OBJC_LITERAL_CONVERSION = YES;
				CLANG_WARN_OBJC_ROOT_CLASS = YES_ERROR;
				CLANG_WARN_RANGE_LOOP_ANALYSIS = YES;
				CLANG_WARN_STRICT_PROTOTYPES = YES;
				CLANG_WARN_SUSPICIOUS_MOVE = YES;
				CLANG_WARN_UNGUARDED_AVAILABILITY = YES_AGGRESSIVE;
				CLANG_WARN_UNREACHABLE_CODE = YES;
				CLANG_WARN__DUPLICATE_METHOD_MATCH = YES;
				CODE_SIGN_IDENTITY = "iPhone Developer";
				COPY_PHASE_STRIP = NO;
				DEBUG_INFORMATION_FORMAT = dwarf;
				ENABLE_STRICT_OBJC_MSGSEND = YES;
				ENABLE_TESTABILITY = YES;
				GCC_C_LANGUAGE_STANDARD = gnu11;
				GCC_DYNAMIC_NO_PIC = NO;
				GCC_NO_COMMON_BLOCKS = YES;
				GCC_OPTIMIZATION_LEVEL = 0;
				GCC_PREPROCESSOR_DEFINITIONS = (
					"DEBUG=1",
					"$(inherited)",
				);
				GCC_WARN_64_TO_32_BIT_CONVERSION = YES;
				GCC_WARN_ABOUT_RETURN_TYPE = YES_ERROR;
				GCC_WARN_UNDECLARED_SELECTOR = YES;
				GCC_WARN_UNINITIALIZED_AUTOS = YES_AGGRESSIVE;
				GCC_WARN_UNUSED_FUNCTION = YES;
				GCC_WARN_UNUSED_VARIABLE = YES;
				IPHONEOS_DEPLOYMENT_TARGET = 9.3;
				MTL_ENABLE_DEBUG_INFO = INCLUDE_SOURCE;
				MTL_FAST_MATH = YES;
				ONLY_ACTIVE_ARCH = YES;
				SDKROOT = iphoneos;
			};
			name = Debug;
		};
		E2334B1622E9D2070098A085 /* Release */ = {
			isa = XCBuildConfiguration;
			buildSettings = {
				ALWAYS_SEARCH_USER_PATHS = NO;
				CLANG_ANALYZER_NONNULL = YES;
				CLANG_ANALYZER_NUMBER_OBJECT_CONVERSION = YES_AGGRESSIVE;
				CLANG_CXX_LANGUAGE_STANDARD = "gnu++14";
				CLANG_CXX_LIBRARY = "libc++";
				CLANG_ENABLE_MODULES = YES;
				CLANG_ENABLE_OBJC_ARC = YES;
				CLANG_ENABLE_OBJC_WEAK = YES;
				CLANG_WARN_BLOCK_CAPTURE_AUTORELEASING = YES;
				CLANG_WARN_BOOL_CONVERSION = YES;
				CLANG_WARN_COMMA = YES;
				CLANG_WARN_CONSTANT_CONVERSION = YES;
				CLANG_WARN_DEPRECATED_OBJC_IMPLEMENTATIONS = YES;
				CLANG_WARN_DIRECT_OBJC_ISA_USAGE = YES_ERROR;
				CLANG_WARN_DOCUMENTATION_COMMENTS = YES;
				CLANG_WARN_EMPTY_BODY = YES;
				CLANG_WARN_ENUM_CONVERSION = YES;
				CLANG_WARN_INFINITE_RECURSION = YES;
				CLANG_WARN_INT_CONVERSION = YES;
				CLANG_WARN_NON_LITERAL_NULL_CONVERSION = YES;
				CLANG_WARN_OBJC_IMPLICIT_RETAIN_SELF = YES;
				CLANG_WARN_OBJC_LITERAL_CONVERSION = YES;
				CLANG_WARN_OBJC_ROOT_CLASS = YES_ERROR;
				CLANG_WARN_RANGE_LOOP_ANALYSIS = YES;
				CLANG_WARN_STRICT_PROTOTYPES = YES;
				CLANG_WARN_SUSPICIOUS_MOVE = YES;
				CLANG_WARN_UNGUARDED_AVAILABILITY = YES_AGGRESSIVE;
				CLANG_WARN_UNREACHABLE_CODE = YES;
				CLANG_WARN__DUPLICATE_METHOD_MATCH = YES;
				CODE_SIGN_IDENTITY = "iPhone Developer";
				COPY_PHASE_STRIP = NO;
				DEBUG_INFORMATION_FORMAT = "dwarf-with-dsym";
				ENABLE_NS_ASSERTIONS = NO;
				ENABLE_STRICT_OBJC_MSGSEND = YES;
				GCC_C_LANGUAGE_STANDARD = gnu11;
				GCC_NO_COMMON_BLOCKS = YES;
				GCC_WARN_64_TO_32_BIT_CONVERSION = YES;
				GCC_WARN_ABOUT_RETURN_TYPE = YES_ERROR;
				GCC_WARN_UNDECLARED_SELECTOR = YES;
				GCC_WARN_UNINITIALIZED_AUTOS = YES_AGGRESSIVE;
				GCC_WARN_UNUSED_FUNCTION = YES;
				GCC_WARN_UNUSED_VARIABLE = YES;
				IPHONEOS_DEPLOYMENT_TARGET = 9.3;
				MTL_ENABLE_DEBUG_INFO = NO;
				MTL_FAST_MATH = YES;
				SDKROOT = iphoneos;
				VALIDATE_PRODUCT = YES;
			};
			name = Release;
		};
		E2334B1822E9D2070098A085 /* Debug */ = {
			isa = XCBuildConfiguration;
			baseConfigurationReference = 8231E841CCAF382F85C9F576 /* Pods-Example.debug.xcconfig */;
			buildSettings = {
				ASSETCATALOG_COMPILER_APPICON_NAME = AppIcon;
				CLANG_ENABLE_MODULES = YES;
				CODE_SIGN_STYLE = Automatic;
				DEVELOPMENT_TEAM = 7EE2RX3L3P;
				GCC_INPUT_FILETYPE = sourcecode.cpp.objcpp;
				INFOPLIST_FILE = Example/Info.plist;
				IPHONEOS_DEPLOYMENT_TARGET = 9.0;
				LD_RUNPATH_SEARCH_PATHS = (
					"$(inherited)",
					"@executable_path/Frameworks",
				);
				PRODUCT_BUNDLE_IDENTIFIER = pub.doric.Example;
				PRODUCT_NAME = "Doric Playground";
				SWIFT_OBJC_BRIDGING_HEADER = "Example/Example-Bridging-Header.h";
				SWIFT_OPTIMIZATION_LEVEL = "-Onone";
				SWIFT_VERSION = 5.0;
				TARGETED_DEVICE_FAMILY = "1,2";
			};
			name = Debug;
		};
		E2334B1922E9D2070098A085 /* Release */ = {
			isa = XCBuildConfiguration;
			baseConfigurationReference = 3D75F592D76A665674B31A66 /* Pods-Example.release.xcconfig */;
			buildSettings = {
				ASSETCATALOG_COMPILER_APPICON_NAME = AppIcon;
				CLANG_ENABLE_MODULES = YES;
				CODE_SIGN_STYLE = Automatic;
				DEVELOPMENT_TEAM = 7EE2RX3L3P;
				GCC_INPUT_FILETYPE = sourcecode.cpp.objcpp;
				INFOPLIST_FILE = Example/Info.plist;
				IPHONEOS_DEPLOYMENT_TARGET = 9.0;
				LD_RUNPATH_SEARCH_PATHS = (
					"$(inherited)",
					"@executable_path/Frameworks",
				);
				PRODUCT_BUNDLE_IDENTIFIER = pub.doric.Example;
				PRODUCT_NAME = "Doric Playground";
				SWIFT_OBJC_BRIDGING_HEADER = "Example/Example-Bridging-Header.h";
				SWIFT_VERSION = 5.0;
				TARGETED_DEVICE_FAMILY = "1,2";
			};
			name = Release;
		};
		E2334B1B22E9D2070098A085 /* Debug */ = {
			isa = XCBuildConfiguration;
			baseConfigurationReference = D91241144B5A3356A3C60644 /* Pods-ExampleTests.debug.xcconfig */;
			buildSettings = {
				BUNDLE_LOADER = "$(TEST_HOST)";
				CODE_SIGN_STYLE = Automatic;
				INFOPLIST_FILE = ExampleTests/Info.plist;
				LD_RUNPATH_SEARCH_PATHS = (
					"$(inherited)",
					"@executable_path/Frameworks",
					"@loader_path/Frameworks",
				);
				PRODUCT_BUNDLE_IDENTIFIER = pub.doric.ExampleTests;
				PRODUCT_NAME = "$(TARGET_NAME)";
				TARGETED_DEVICE_FAMILY = "1,2";
				TEST_HOST = "$(BUILT_PRODUCTS_DIR)/Example.app/Example";
			};
			name = Debug;
		};
		E2334B1C22E9D2070098A085 /* Release */ = {
			isa = XCBuildConfiguration;
			baseConfigurationReference = B93D4DB00FD244178B7CE7C4 /* Pods-ExampleTests.release.xcconfig */;
			buildSettings = {
				BUNDLE_LOADER = "$(TEST_HOST)";
				CODE_SIGN_STYLE = Automatic;
				INFOPLIST_FILE = ExampleTests/Info.plist;
				LD_RUNPATH_SEARCH_PATHS = (
					"$(inherited)",
					"@executable_path/Frameworks",
					"@loader_path/Frameworks",
				);
				PRODUCT_BUNDLE_IDENTIFIER = pub.doric.ExampleTests;
				PRODUCT_NAME = "$(TARGET_NAME)";
				TARGETED_DEVICE_FAMILY = "1,2";
				TEST_HOST = "$(BUILT_PRODUCTS_DIR)/Example.app/Example";
			};
			name = Release;
		};
		E2334B1E22E9D2070098A085 /* Debug */ = {
			isa = XCBuildConfiguration;
			baseConfigurationReference = 016E930415B91D826F9FFF47 /* Pods-ExampleUITests.debug.xcconfig */;
			buildSettings = {
				CODE_SIGN_STYLE = Automatic;
				INFOPLIST_FILE = ExampleUITests/Info.plist;
				LD_RUNPATH_SEARCH_PATHS = (
					"$(inherited)",
					"@executable_path/Frameworks",
					"@loader_path/Frameworks",
				);
				PRODUCT_BUNDLE_IDENTIFIER = pub.doric.ExampleUITests;
				PRODUCT_NAME = "$(TARGET_NAME)";
				TARGETED_DEVICE_FAMILY = "1,2";
				TEST_TARGET_NAME = Example;
			};
			name = Debug;
		};
		E2334B1F22E9D2070098A085 /* Release */ = {
			isa = XCBuildConfiguration;
			baseConfigurationReference = B93423722F2E06DC238CDD18 /* Pods-ExampleUITests.release.xcconfig */;
			buildSettings = {
				CODE_SIGN_STYLE = Automatic;
				INFOPLIST_FILE = ExampleUITests/Info.plist;
				LD_RUNPATH_SEARCH_PATHS = (
					"$(inherited)",
					"@executable_path/Frameworks",
					"@loader_path/Frameworks",
				);
				PRODUCT_BUNDLE_IDENTIFIER = pub.doric.ExampleUITests;
				PRODUCT_NAME = "$(TARGET_NAME)";
				TARGETED_DEVICE_FAMILY = "1,2";
				TEST_TARGET_NAME = Example;
			};
			name = Release;
		};
/* End XCBuildConfiguration section */

/* Begin XCConfigurationList section */
		E2334AE622E9D2060098A085 /* Build configuration list for PBXProject "Example" */ = {
			isa = XCConfigurationList;
			buildConfigurations = (
				E2334B1522E9D2070098A085 /* Debug */,
				E2334B1622E9D2070098A085 /* Release */,
			);
			defaultConfigurationIsVisible = 0;
			defaultConfigurationName = Release;
		};
		E2334B1722E9D2070098A085 /* Build configuration list for PBXNativeTarget "Example" */ = {
			isa = XCConfigurationList;
			buildConfigurations = (
				E2334B1822E9D2070098A085 /* Debug */,
				E2334B1922E9D2070098A085 /* Release */,
			);
			defaultConfigurationIsVisible = 0;
			defaultConfigurationName = Release;
		};
		E2334B1A22E9D2070098A085 /* Build configuration list for PBXNativeTarget "ExampleTests" */ = {
			isa = XCConfigurationList;
			buildConfigurations = (
				E2334B1B22E9D2070098A085 /* Debug */,
				E2334B1C22E9D2070098A085 /* Release */,
			);
			defaultConfigurationIsVisible = 0;
			defaultConfigurationName = Release;
		};
		E2334B1D22E9D2070098A085 /* Build configuration list for PBXNativeTarget "ExampleUITests" */ = {
			isa = XCConfigurationList;
			buildConfigurations = (
				E2334B1E22E9D2070098A085 /* Debug */,
				E2334B1F22E9D2070098A085 /* Release */,
			);
			defaultConfigurationIsVisible = 0;
			defaultConfigurationName = Release;
		};
/* End XCConfigurationList section */
	};
	rootObject = E2334AE322E9D2060098A085 /* Project object */;
}
