PODS:
  - Doric (0.1.0):
    - GCDWebServer (~> 3.0)
    - SDWebImage (~> 5.0)
    - SocketRocket (~> 0.5.1)
  - GCDWebServer (3.5.2):
    - GCDWebServer/Core (= 3.5.2)
  - GCDWebServer/Core (3.5.2)
  - SDWebImage (5.0.6):
    - SDWebImage/Core (= 5.0.6)
  - SDWebImage/Core (5.0.6)
  - SocketRocket (0.5.1)

DEPENDENCIES:
  - Doric (from `../`)

SPEC REPOS:
  https://github.com/cocoapods/specs.git:
    - GCDWebServer
    - SDWebImage
    - SocketRocket

EXTERNAL SOURCES:
  Doric:
    :path: "../"

SPEC CHECKSUMS:
  Doric: 1dae6e8a19a32a27af975f787509cc0658dde095
  GCDWebServer: ead88cd14596dd4eae4f5830b8877c87c8728990
  SDWebImage: 920f1a2ff1ca8296ad34f6e0510a1ef1d70ac965
  SocketRocket: d57c7159b83c3c6655745cd15302aa24b6bae531

PODFILE CHECKSUM: 012563d71439e7e33e976dca3b59664ed56cee39

COCOAPODS: 1.7.5
