PODS:
  - Doric (0.1.0):
    - GCDWebServer (~> 3.0)
    - SocketRocket (~> 0.5.1)
    - YYCache (~> 1.0.4)
    - YYImage/WebP
    - YYWebImage
  - GCDWebServer (3.5.3):
    - GCDWebServer/Core (= 3.5.3)
  - GCDWebServer/Core (3.5.3)
  - SocketRocket (0.5.1)
  - YYCache (1.0.4)
  - YYImage (1.0.4):
    - YYImage/Core (= 1.0.4)
  - YYImage/Core (1.0.4)
  - YYImage/WebP (1.0.4):
    - YYImage/Core
  - YYWebImage (1.0.5):
    - YYCache
    - YYImage

DEPENDENCIES:
  - Doric (from `../`)

SPEC REPOS:
  https://github.com/cocoapods/specs.git:
    - GCDWebServer
    - SocketRocket
    - YYCache
    - YYImage
    - YYWebImage

EXTERNAL SOURCES:
  Doric:
    :path: "../"

SPEC CHECKSUMS:
  Doric: e73b17b0e46198994f5c3d8af49f26fd9f49df09
  GCDWebServer: c0ab22c73e1b84f358d1e2f74bf6afd1c60829f2
  SocketRocket: d57c7159b83c3c6655745cd15302aa24b6bae531
  YYCache: 8105b6638f5e849296c71f331ff83891a4942952
  YYImage: 1e1b62a9997399593e4b9c4ecfbbabbf1d3f3b54
  YYWebImage: 5f7f36aee2ae293f016d418c7d6ba05c4863e928

PODFILE CHECKSUM: 012563d71439e7e33e976dca3b59664ed56cee39

COCOAPODS: 1.7.5
